
Microsoft Visual Studio Solution File, Format Version 12.00
# Visual Studio Version 16
VisualStudioVersion = 16.0.30804.86
MinimumVisualStudioVersion = 10.0.40219.1
Project("{9A19103F-16F7-4668-BE54-9A1E7A4F7556}") = "split_a_string", "CSharp1\split_a_string.csproj", "{FEDC7FDA-6433-45A6-AD40-CFB6E8885419}"
EndProject
Project("{9A19103F-16F7-4668-BE54-9A1E7A4F7556}") = "array multi array and random function", "data type and basic\array multi array and random function.csproj", "{A134E772-54DF-4F2C-9728-AA9898261942}"
EndProject
Project("{9A19103F-16F7-4668-BE54-9A1E7A4F7556}") = "Add string number", "Add string number\Add string number.csproj", "{1F381514-3D84-471D-8F4D-0F353E3A56C2}"
EndProject
Project("{9A19103F-16F7-4668-BE54-9A1E7A4F7556}") = "prime numbers", "prime numbers\prime numbers.csproj", "{2E4680D4-A20E-4447-A929-8BF35B1BC5C3}"
EndProject
Project("{9A19103F-16F7-4668-BE54-9A1E7A4F7556}") = "remove vowels from string", "remove vowels from string\remove vowels from string.csproj", "{76C3C0E7-65D1-4BB3-9C4B-FFA01548DE73}"
EndProject
Project("{9A19103F-16F7-4668-BE54-9A1E7A4F7556}") = "print all odd digits", "print all odd digits\print all odd digits.csproj", "{85839FB0-E515-4EB9-ACFB-20243B1FC915}"
EndProject
Project("{9A19103F-16F7-4668-BE54-9A1E7A4F7556}") = "find person by age", "find person by age\find person by age.csproj", "{5B560056-A6B0-4EC3-828B-AC10A0006724}"
EndProject
Project("{9A19103F-16F7-4668-BE54-9A1E7A4F7556}") = "char count", "string count\char count.csproj", "{0D3CAA0D-D27F-45B0-85BA-6BA4ACBF751F}"
EndProject
Project("{9A19103F-16F7-4668-BE54-9A1E7A4F7556}") = "Method", "Method\Method.csproj", "{C20F3A65-3796-43A0-A3EA-3F0CE7A8F96D}"
EndProject
Project("{9A19103F-16F7-4668-BE54-9A1E7A4F7556}") = "Tuple", "Tuple\Tuple.csproj", "{3DA44C7E-0A03-4DA0-BEC2-8CE67A309E17}"
EndProject
Project("{9A19103F-16F7-4668-BE54-9A1E7A4F7556}") = "class", "class\class.csproj", "{FE786B3C-245B-45A4-9E48-D08E9E4BD61C}"
EndProject
Project("{9A19103F-16F7-4668-BE54-9A1E7A4F7556}") = "Class_object", "Class_object\Class_object.csproj", "{14546044-FDD5-42A9-9290-1F11F935CFEF}"
EndProject
Project("{9A19103F-16F7-4668-BE54-9A1E7A4F7556}") = "Inheritance", "Inheritance\Inheritance.csproj", "{048110C6-D633-4761-B231-634966F32FBA}"
EndProject
Project("{9A19103F-16F7-4668-BE54-9A1E7A4F7556}") = "EcommerceLib", "EcommerceLib\EcommerceLib.csproj", "{0BC37719-2235-4926-9389-06A50B8AA7DC}"
EndProject
Project("{2150E333-8FDC-42A3-9474-1A3956D46DE8}") = "Generics", "Generics", "{74234451-1E3F-44E8-94A0-F60E1472DD48}"
EndProject
Project("{9A19103F-16F7-4668-BE54-9A1E7A4F7556}") = "EcommerceProduct", "EcommerceProduct\EcommerceProduct.csproj", "{DCCC4662-DE1B-4E98-904C-5ED7DF450A56}"
EndProject
Project("{9A19103F-16F7-4668-BE54-9A1E7A4F7556}") = "Classpractice", "Classpractice\Classpractice.csproj", "{1FBE899A-7C54-4AD0-B9F7-003B2B1EEC31}"
EndProject
Project("{9A19103F-16F7-4668-BE54-9A1E7A4F7556}") = "ADONETDataBase", "ADONETDataBase\ADONETDataBase.csproj", "{2FEF6864-6B18-46EB-80D0-CA0EBA45F32F}"
EndProject
Project("{FAE04EC0-301F-11D3-BF4B-00C04F79EFBC}") = "EntityFramWorkDataBase", "EntityFramWorkDataBase\EntityFramWorkDataBase.csproj", "{57CDC546-8AC7-409B-AF86-DD2F42CCBB49}"
EndProject
Global
	GlobalSection(SolutionConfigurationPlatforms) = preSolution
		Debug|Any CPU = Debug|Any CPU
		Release|Any CPU = Release|Any CPU
	EndGlobalSection
	GlobalSection(ProjectConfigurationPlatforms) = postSolution
		{FEDC7FDA-6433-45A6-AD40-CFB6E8885419}.Debug|Any CPU.ActiveCfg = Debug|Any CPU
		{FEDC7FDA-6433-45A6-AD40-CFB6E8885419}.Debug|Any CPU.Build.0 = Debug|Any CPU
		{FEDC7FDA-6433-45A6-AD40-CFB6E8885419}.Release|Any CPU.ActiveCfg = Release|Any CPU
		{FEDC7FDA-6433-45A6-AD40-CFB6E8885419}.Release|Any CPU.Build.0 = Release|Any CPU
		{A134E772-54DF-4F2C-9728-AA9898261942}.Debug|Any CPU.ActiveCfg = Debug|Any CPU
		{A134E772-54DF-4F2C-9728-AA9898261942}.Debug|Any CPU.Build.0 = Debug|Any CPU
		{A134E772-54DF-4F2C-9728-AA9898261942}.Release|Any CPU.ActiveCfg = Release|Any CPU
		{A134E772-54DF-4F2C-9728-AA9898261942}.Release|Any CPU.Build.0 = Release|Any CPU
		{1F381514-3D84-471D-8F4D-0F353E3A56C2}.Debug|Any CPU.ActiveCfg = Debug|Any CPU
		{1F381514-3D84-471D-8F4D-0F353E3A56C2}.Debug|Any CPU.Build.0 = Debug|Any CPU
		{1F381514-3D84-471D-8F4D-0F353E3A56C2}.Release|Any CPU.ActiveCfg = Release|Any CPU
		{1F381514-3D84-471D-8F4D-0F353E3A56C2}.Release|Any CPU.Build.0 = Release|Any CPU
		{2E4680D4-A20E-4447-A929-8BF35B1BC5C3}.Debug|Any CPU.ActiveCfg = Debug|Any CPU
		{2E4680D4-A20E-4447-A929-8BF35B1BC5C3}.Debug|Any CPU.Build.0 = Debug|Any CPU
		{2E4680D4-A20E-4447-A929-8BF35B1BC5C3}.Release|Any CPU.ActiveCfg = Release|Any CPU
		{2E4680D4-A20E-4447-A929-8BF35B1BC5C3}.Release|Any CPU.Build.0 = Release|Any CPU
		{76C3C0E7-65D1-4BB3-9C4B-FFA01548DE73}.Debug|Any CPU.ActiveCfg = Debug|Any CPU
		{76C3C0E7-65D1-4BB3-9C4B-FFA01548DE73}.Debug|Any CPU.Build.0 = Debug|Any CPU
		{76C3C0E7-65D1-4BB3-9C4B-FFA01548DE73}.Release|Any CPU.ActiveCfg = Release|Any CPU
		{76C3C0E7-65D1-4BB3-9C4B-FFA01548DE73}.Release|Any CPU.Build.0 = Release|Any CPU
		{85839FB0-E515-4EB9-ACFB-20243B1FC915}.Debug|Any CPU.ActiveCfg = Debug|Any CPU
		{85839FB0-E515-4EB9-ACFB-20243B1FC915}.Debug|Any CPU.Build.0 = Debug|Any CPU
		{85839FB0-E515-4EB9-ACFB-20243B1FC915}.Release|Any CPU.ActiveCfg = Release|Any CPU
		{85839FB0-E515-4EB9-ACFB-20243B1FC915}.Release|Any CPU.Build.0 = Release|Any CPU
		{5B560056-A6B0-4EC3-828B-AC10A0006724}.Debug|Any CPU.ActiveCfg = Debug|Any CPU
		{5B560056-A6B0-4EC3-828B-AC10A0006724}.Debug|Any CPU.Build.0 = Debug|Any CPU
		{5B560056-A6B0-4EC3-828B-AC10A0006724}.Release|Any CPU.ActiveCfg = Release|Any CPU
		{5B560056-A6B0-4EC3-828B-AC10A0006724}.Release|Any CPU.Build.0 = Release|Any CPU
		{0D3CAA0D-D27F-45B0-85BA-6BA4ACBF751F}.Debug|Any CPU.ActiveCfg = Debug|Any CPU
		{0D3CAA0D-D27F-45B0-85BA-6BA4ACBF751F}.Debug|Any CPU.Build.0 = Debug|Any CPU
		{0D3CAA0D-D27F-45B0-85BA-6BA4ACBF751F}.Release|Any CPU.ActiveCfg = Release|Any CPU
		{0D3CAA0D-D27F-45B0-85BA-6BA4ACBF751F}.Release|Any CPU.Build.0 = Release|Any CPU
		{C20F3A65-3796-43A0-A3EA-3F0CE7A8F96D}.Debug|Any CPU.ActiveCfg = Debug|Any CPU
		{C20F3A65-3796-43A0-A3EA-3F0CE7A8F96D}.Debug|Any CPU.Build.0 = Debug|Any CPU
		{C20F3A65-3796-43A0-A3EA-3F0CE7A8F96D}.Release|Any CPU.ActiveCfg = Release|Any CPU
		{C20F3A65-3796-43A0-A3EA-3F0CE7A8F96D}.Release|Any CPU.Build.0 = Release|Any CPU
		{3DA44C7E-0A03-4DA0-BEC2-8CE67A309E17}.Debug|Any CPU.ActiveCfg = Debug|Any CPU
		{3DA44C7E-0A03-4DA0-BEC2-8CE67A309E17}.Debug|Any CPU.Build.0 = Debug|Any CPU
		{3DA44C7E-0A03-4DA0-BEC2-8CE67A309E17}.Release|Any CPU.ActiveCfg = Release|Any CPU
		{3DA44C7E-0A03-4DA0-BEC2-8CE67A309E17}.Release|Any CPU.Build.0 = Release|Any CPU
		{FE786B3C-245B-45A4-9E48-D08E9E4BD61C}.Debug|Any CPU.ActiveCfg = Debug|Any CPU
		{FE786B3C-245B-45A4-9E48-D08E9E4BD61C}.Debug|Any CPU.Build.0 = Debug|Any CPU
		{FE786B3C-245B-45A4-9E48-D08E9E4BD61C}.Release|Any CPU.ActiveCfg = Release|Any CPU
		{FE786B3C-245B-45A4-9E48-D08E9E4BD61C}.Release|Any CPU.Build.0 = Release|Any CPU
		{14546044-FDD5-42A9-9290-1F11F935CFEF}.Debug|Any CPU.ActiveCfg = Debug|Any CPU
		{14546044-FDD5-42A9-9290-1F11F935CFEF}.Debug|Any CPU.Build.0 = Debug|Any CPU
		{14546044-FDD5-42A9-9290-1F11F935CFEF}.Release|Any CPU.ActiveCfg = Release|Any CPU
		{14546044-FDD5-42A9-9290-1F11F935CFEF}.Release|Any CPU.Build.0 = Release|Any CPU
		{048110C6-D633-4761-B231-634966F32FBA}.Debug|Any CPU.ActiveCfg = Debug|Any CPU
		{048110C6-D633-4761-B231-634966F32FBA}.Debug|Any CPU.Build.0 = Debug|Any CPU
		{048110C6-D633-4761-B231-634966F32FBA}.Release|Any CPU.ActiveCfg = Release|Any CPU
		{048110C6-D633-4761-B231-634966F32FBA}.Release|Any CPU.Build.0 = Release|Any CPU
		{0BC37719-2235-4926-9389-06A50B8AA7DC}.Debug|Any CPU.ActiveCfg = Debug|Any CPU
		{0BC37719-2235-4926-9389-06A50B8AA7DC}.Debug|Any CPU.Build.0 = Debug|Any CPU
		{0BC37719-2235-4926-9389-06A50B8AA7DC}.Release|Any CPU.ActiveCfg = Release|Any CPU
		{0BC37719-2235-4926-9389-06A50B8AA7DC}.Release|Any CPU.Build.0 = Release|Any CPU
		{DCCC4662-DE1B-4E98-904C-5ED7DF450A56}.Debug|Any CPU.ActiveCfg = Debug|Any CPU
		{DCCC4662-DE1B-4E98-904C-5ED7DF450A56}.Debug|Any CPU.Build.0 = Debug|Any CPU
		{DCCC4662-DE1B-4E98-904C-5ED7DF450A56}.Release|Any CPU.ActiveCfg = Release|Any CPU
		{DCCC4662-DE1B-4E98-904C-5ED7DF450A56}.Release|Any CPU.Build.0 = Release|Any CPU
		{1FBE899A-7C54-4AD0-B9F7-003B2B1EEC31}.Debug|Any CPU.ActiveCfg = Debug|Any CPU
		{1FBE899A-7C54-4AD0-B9F7-003B2B1EEC31}.Debug|Any CPU.Build.0 = Debug|Any CPU
		{1FBE899A-7C54-4AD0-B9F7-003B2B1EEC31}.Release|Any CPU.ActiveCfg = Release|Any CPU
		{1FBE899A-7C54-4AD0-B9F7-003B2B1EEC31}.Release|Any CPU.Build.0 = Release|Any CPU
		{2FEF6864-6B18-46EB-80D0-CA0EBA45F32F}.Debug|Any CPU.ActiveCfg = Debug|Any CPU
		{2FEF6864-6B18-46EB-80D0-CA0EBA45F32F}.Debug|Any CPU.Build.0 = Debug|Any CPU
		{2FEF6864-6B18-46EB-80D0-CA0EBA45F32F}.Release|Any CPU.ActiveCfg = Release|Any CPU
		{2FEF6864-6B18-46EB-80D0-CA0EBA45F32F}.Release|Any CPU.Build.0 = Release|Any CPU
		{57CDC546-8AC7-409B-AF86-DD2F42CCBB49}.Debug|Any CPU.ActiveCfg = Debug|Any CPU
		{57CDC546-8AC7-409B-AF86-DD2F42CCBB49}.Debug|Any CPU.Build.0 = Debug|Any CPU
		{57CDC546-8AC7-409B-AF86-DD2F42CCBB49}.Release|Any CPU.ActiveCfg = Release|Any CPU
		{57CDC546-8AC7-409B-AF86-DD2F42CCBB49}.Release|Any CPU.Build.0 = Release|Any CPU
	EndGlobalSection
	GlobalSection(SolutionProperties) = preSolution
		HideSolutionNode = FALSE
	EndGlobalSection
	GlobalSection(NestedProjects) = preSolution
		{0BC37719-2235-4926-9389-06A50B8AA7DC} = {74234451-1E3F-44E8-94A0-F60E1472DD48}
		{DCCC4662-DE1B-4E98-904C-5ED7DF450A56} = {74234451-1E3F-44E8-94A0-F60E1472DD48}
	EndGlobalSection
	GlobalSection(ExtensibilityGlobals) = postSolution
		SolutionGuid = {CE253A45-E994-4850-BBE6-9AC06BA1CC12}
	EndGlobalSection
EndGlobal
